
Microsoft Visual Studio Solution File, Format Version 12.00
# Visual Studio 2013
VisualStudioVersion = 12.0.31101.0
MinimumVisualStudioVersion = 10.0.40219.1
Project("{FAE04EC0-301F-11D3-BF4B-00C04F79EFBC}") = "Hast.Console", "Hast.Console\Hast.Console.csproj", "{2A58C055-84A1-4B42-9549-1B3EDA597F3D}"
EndProject
Project("{FAE04EC0-301F-11D3-BF4B-00C04F79EFBC}") = "Hast.Transformer", "Hast.Transformer\Hast.Transformer.csproj", "{55FFEC87-B87B-4BB6-B50D-26560C8F815A}"
EndProject
Project("{FAE04EC0-301F-11D3-BF4B-00C04F79EFBC}") = "Hast.VhdlBuilder", "Hast.VhdlBuilder\Hast.VhdlBuilder.csproj", "{131E80D3-29BD-496C-BE31-45A329AE3E67}"
EndProject
Project("{2150E333-8FDC-42A3-9474-1A3956D46DE8}") = "Solution Items", "Solution Items", "{E8043A55-810D-4760-8390-D0C936EFBD5A}"
	ProjectSection(SolutionItems) = preProject
		Readme.md = Readme.md
	EndProjectSection
EndProject
Project("{2150E333-8FDC-42A3-9474-1A3956D46DE8}") = "Samples", "Samples", "{765A6EB0-438E-422C-ACDD-13544EFE6467}"
EndProject
Project("{FAE04EC0-301F-11D3-BF4B-00C04F79EFBC}") = "Hast.Samples.SampleAssembly", "Samples\Hast.Samples.SampleAssembly\Hast.Samples.SampleAssembly.csproj", "{CB4A8CF6-7DD4-4493-B5CD-E5E51EE5C73B}"
EndProject
Project("{FAE04EC0-301F-11D3-BF4B-00C04F79EFBC}") = "Hast.Samples.Consumer", "Samples\Hast.Samples.Consumer\Hast.Samples.Consumer.csproj", "{7249D1E5-ABEC-40BB-9238-5E54AB0E1E94}"
EndProject
Project("{FAE04EC0-301F-11D3-BF4B-00C04F79EFBC}") = "Hast.Layer", "Hast.Layer\Hast.Layer.csproj", "{0D77AFBA-1B4D-4083-B35C-3309251039B7}"
EndProject
Project("{2150E333-8FDC-42A3-9474-1A3956D46DE8}") = "Orchard", "Orchard", "{9E6F94FB-65DD-4AC1-AAB9-C2AAF5C9CC47}"
EndProject
Project("{FAE04EC0-301F-11D3-BF4B-00C04F79EFBC}") = "Orchard.Framework", "Orchard\src\Orchard\Orchard.Framework.csproj", "{2D1D92BB-4555-4CBE-8D0E-63563D6CE4C6}"
EndProject
Project("{FAE04EC0-301F-11D3-BF4B-00C04F79EFBC}") = "Lombiq.OrchardAppHost", "Lombiq.OrchardAppHost\Lombiq.OrchardAppHost.csproj", "{3E852853-2D19-49BB-B6C9-39B01D6E9785}"
EndProject
Project("{FAE04EC0-301F-11D3-BF4B-00C04F79EFBC}") = "Hast.Common", "Hast.Common\Hast.Common.csproj", "{6EE5898A-E450-4A1D-80AF-AD27A8BD5E69}"
EndProject
Project("{FAE04EC0-301F-11D3-BF4B-00C04F79EFBC}") = "Hast.Communication", "Hast.Communication\Hast.Communication.csproj", "{71B55241-A31C-43F5-9B46-40B53099DF56}"
EndProject
Project("{FAE04EC0-301F-11D3-BF4B-00C04F79EFBC}") = "Hast.Synthesis", "Hast.Synthesis\Hast.Synthesis.csproj", "{040554F7-5565-4D82-8AAB-CDCD745CA822}"
EndProject
Project("{2150E333-8FDC-42A3-9474-1A3956D46DE8}") = "Drivers", "Drivers", "{51A02816-8D25-480F-9D28-EC7D05DC3F63}"
EndProject
Project("{FAE04EC0-301F-11D3-BF4B-00C04F79EFBC}") = "Hast.Xilinx", "Drivers\Hast.Xilinx\Hast.Xilinx.csproj", "{02BE2213-F0E5-4107-BEA4-AE396525A644}"
EndProject
Project("{2150E333-8FDC-42A3-9474-1A3956D46DE8}") = "Tests", "Tests", "{701D5B71-9A6F-47A4-A3C2-3714AF8B4115}"
EndProject
Project("{FAE04EC0-301F-11D3-BF4B-00C04F79EFBC}") = "Hast.Transformer.Vhdl", "Hast.Transformer.Vhdl\Hast.Transformer.Vhdl.csproj", "{25810814-29C8-4B60-BC96-04B72F70E6B7}"
EndProject
Project("{FAE04EC0-301F-11D3-BF4B-00C04F79EFBC}") = "Hast.Transformer.Vhdl.Tests", "Hast.Transformer.Vhdl\Hast.Transformer.Vhdl.Tests\Hast.Transformer.Vhdl.Tests.csproj", "{5B56676E-75E4-4D10-9DB4-AC446BD597CE}"
EndProject
Project("{FAE04EC0-301F-11D3-BF4B-00C04F79EFBC}") = "Orchard.Framework.Tests", "Orchard\src\Orchard.Tests\Orchard.Framework.Tests.csproj", "{ABC826D4-2FA1-4F2F-87DE-E6095F653810}"
EndProject
Project("{FAE04EC0-301F-11D3-BF4B-00C04F79EFBC}") = "Orchard.Core", "Orchard\src\Orchard.Web\Core\Orchard.Core.csproj", "{9916839C-39FC-4CEB-A5AF-89CA7E87119F}"
EndProject
Project("{FAE04EC0-301F-11D3-BF4B-00C04F79EFBC}") = "Hast.Transformer.Tests", "Hast.Transformer\Hast.Transformer.Tests\Hast.Transformer.Tests.csproj", "{DA432B51-28D1-4D5E-9A3A-59127C809C5D}"
EndProject
Project("{FAE04EC0-301F-11D3-BF4B-00C04F79EFBC}") = "Hast.Tests.TestAssembly1", "Hast.Tests.TestAssembly1\Hast.Tests.TestAssembly1.csproj", "{39AB568D-B7FD-40C3-A8DD-003E0BE92982}"
EndProject
Project("{FAE04EC0-301F-11D3-BF4B-00C04F79EFBC}") = "Hast.Tests.TestAssembly2", "Hast.Tests.TestAssembly2\Hast.Tests.TestAssembly2.csproj", "{9A026174-8D66-4E74-8689-9F2EEF2B8CF1}"
EndProject
Global
	GlobalSection(SolutionConfigurationPlatforms) = preSolution
		Debug|Any CPU = Debug|Any CPU
		Release|Any CPU = Release|Any CPU
	EndGlobalSection
	GlobalSection(ProjectConfigurationPlatforms) = postSolution
		{2A58C055-84A1-4B42-9549-1B3EDA597F3D}.Debug|Any CPU.ActiveCfg = Debug|Any CPU
		{2A58C055-84A1-4B42-9549-1B3EDA597F3D}.Debug|Any CPU.Build.0 = Debug|Any CPU
		{2A58C055-84A1-4B42-9549-1B3EDA597F3D}.Release|Any CPU.ActiveCfg = Release|Any CPU
		{2A58C055-84A1-4B42-9549-1B3EDA597F3D}.Release|Any CPU.Build.0 = Release|Any CPU
		{55FFEC87-B87B-4BB6-B50D-26560C8F815A}.Debug|Any CPU.ActiveCfg = Debug|Any CPU
		{55FFEC87-B87B-4BB6-B50D-26560C8F815A}.Debug|Any CPU.Build.0 = Debug|Any CPU
		{55FFEC87-B87B-4BB6-B50D-26560C8F815A}.Release|Any CPU.ActiveCfg = Release|Any CPU
		{55FFEC87-B87B-4BB6-B50D-26560C8F815A}.Release|Any CPU.Build.0 = Release|Any CPU
		{131E80D3-29BD-496C-BE31-45A329AE3E67}.Debug|Any CPU.ActiveCfg = Debug|Any CPU
		{131E80D3-29BD-496C-BE31-45A329AE3E67}.Debug|Any CPU.Build.0 = Debug|Any CPU
		{131E80D3-29BD-496C-BE31-45A329AE3E67}.Release|Any CPU.ActiveCfg = Release|Any CPU
		{131E80D3-29BD-496C-BE31-45A329AE3E67}.Release|Any CPU.Build.0 = Release|Any CPU
		{CB4A8CF6-7DD4-4493-B5CD-E5E51EE5C73B}.Debug|Any CPU.ActiveCfg = Debug|Any CPU
		{CB4A8CF6-7DD4-4493-B5CD-E5E51EE5C73B}.Debug|Any CPU.Build.0 = Debug|Any CPU
		{CB4A8CF6-7DD4-4493-B5CD-E5E51EE5C73B}.Release|Any CPU.ActiveCfg = Release|Any CPU
		{CB4A8CF6-7DD4-4493-B5CD-E5E51EE5C73B}.Release|Any CPU.Build.0 = Release|Any CPU
		{7249D1E5-ABEC-40BB-9238-5E54AB0E1E94}.Debug|Any CPU.ActiveCfg = Debug|Any CPU
		{7249D1E5-ABEC-40BB-9238-5E54AB0E1E94}.Debug|Any CPU.Build.0 = Debug|Any CPU
		{7249D1E5-ABEC-40BB-9238-5E54AB0E1E94}.Release|Any CPU.ActiveCfg = Release|Any CPU
		{7249D1E5-ABEC-40BB-9238-5E54AB0E1E94}.Release|Any CPU.Build.0 = Release|Any CPU
		{0D77AFBA-1B4D-4083-B35C-3309251039B7}.Debug|Any CPU.ActiveCfg = Debug|Any CPU
		{0D77AFBA-1B4D-4083-B35C-3309251039B7}.Debug|Any CPU.Build.0 = Debug|Any CPU
		{0D77AFBA-1B4D-4083-B35C-3309251039B7}.Release|Any CPU.ActiveCfg = Release|Any CPU
		{0D77AFBA-1B4D-4083-B35C-3309251039B7}.Release|Any CPU.Build.0 = Release|Any CPU
		{2D1D92BB-4555-4CBE-8D0E-63563D6CE4C6}.Debug|Any CPU.ActiveCfg = Debug|Any CPU
		{2D1D92BB-4555-4CBE-8D0E-63563D6CE4C6}.Debug|Any CPU.Build.0 = Debug|Any CPU
		{2D1D92BB-4555-4CBE-8D0E-63563D6CE4C6}.Release|Any CPU.ActiveCfg = Release|Any CPU
		{2D1D92BB-4555-4CBE-8D0E-63563D6CE4C6}.Release|Any CPU.Build.0 = Release|Any CPU
		{3E852853-2D19-49BB-B6C9-39B01D6E9785}.Debug|Any CPU.ActiveCfg = Debug|Any CPU
		{3E852853-2D19-49BB-B6C9-39B01D6E9785}.Debug|Any CPU.Build.0 = Debug|Any CPU
		{3E852853-2D19-49BB-B6C9-39B01D6E9785}.Release|Any CPU.ActiveCfg = Release|Any CPU
		{3E852853-2D19-49BB-B6C9-39B01D6E9785}.Release|Any CPU.Build.0 = Release|Any CPU
		{6EE5898A-E450-4A1D-80AF-AD27A8BD5E69}.Debug|Any CPU.ActiveCfg = Debug|Any CPU
		{6EE5898A-E450-4A1D-80AF-AD27A8BD5E69}.Debug|Any CPU.Build.0 = Debug|Any CPU
		{6EE5898A-E450-4A1D-80AF-AD27A8BD5E69}.Release|Any CPU.ActiveCfg = Release|Any CPU
		{6EE5898A-E450-4A1D-80AF-AD27A8BD5E69}.Release|Any CPU.Build.0 = Release|Any CPU
		{71B55241-A31C-43F5-9B46-40B53099DF56}.Debug|Any CPU.ActiveCfg = Debug|Any CPU
		{71B55241-A31C-43F5-9B46-40B53099DF56}.Debug|Any CPU.Build.0 = Debug|Any CPU
		{71B55241-A31C-43F5-9B46-40B53099DF56}.Release|Any CPU.ActiveCfg = Release|Any CPU
		{71B55241-A31C-43F5-9B46-40B53099DF56}.Release|Any CPU.Build.0 = Release|Any CPU
		{040554F7-5565-4D82-8AAB-CDCD745CA822}.Debug|Any CPU.ActiveCfg = Debug|Any CPU
		{040554F7-5565-4D82-8AAB-CDCD745CA822}.Debug|Any CPU.Build.0 = Debug|Any CPU
		{040554F7-5565-4D82-8AAB-CDCD745CA822}.Release|Any CPU.ActiveCfg = Release|Any CPU
		{040554F7-5565-4D82-8AAB-CDCD745CA822}.Release|Any CPU.Build.0 = Release|Any CPU
		{02BE2213-F0E5-4107-BEA4-AE396525A644}.Debug|Any CPU.ActiveCfg = Debug|Any CPU
		{02BE2213-F0E5-4107-BEA4-AE396525A644}.Debug|Any CPU.Build.0 = Debug|Any CPU
		{02BE2213-F0E5-4107-BEA4-AE396525A644}.Release|Any CPU.ActiveCfg = Release|Any CPU
		{02BE2213-F0E5-4107-BEA4-AE396525A644}.Release|Any CPU.Build.0 = Release|Any CPU
		{25810814-29C8-4B60-BC96-04B72F70E6B7}.Debug|Any CPU.ActiveCfg = Debug|Any CPU
		{25810814-29C8-4B60-BC96-04B72F70E6B7}.Debug|Any CPU.Build.0 = Debug|Any CPU
		{25810814-29C8-4B60-BC96-04B72F70E6B7}.Release|Any CPU.ActiveCfg = Release|Any CPU
		{25810814-29C8-4B60-BC96-04B72F70E6B7}.Release|Any CPU.Build.0 = Release|Any CPU
		{5B56676E-75E4-4D10-9DB4-AC446BD597CE}.Debug|Any CPU.ActiveCfg = Debug|Any CPU
		{5B56676E-75E4-4D10-9DB4-AC446BD597CE}.Debug|Any CPU.Build.0 = Debug|Any CPU
		{5B56676E-75E4-4D10-9DB4-AC446BD597CE}.Release|Any CPU.ActiveCfg = Release|Any CPU
		{5B56676E-75E4-4D10-9DB4-AC446BD597CE}.Release|Any CPU.Build.0 = Release|Any CPU
		{ABC826D4-2FA1-4F2F-87DE-E6095F653810}.Debug|Any CPU.ActiveCfg = Debug|Any CPU
		{ABC826D4-2FA1-4F2F-87DE-E6095F653810}.Debug|Any CPU.Build.0 = Debug|Any CPU
		{ABC826D4-2FA1-4F2F-87DE-E6095F653810}.Release|Any CPU.ActiveCfg = Release|Any CPU
		{ABC826D4-2FA1-4F2F-87DE-E6095F653810}.Release|Any CPU.Build.0 = Release|Any CPU
		{9916839C-39FC-4CEB-A5AF-89CA7E87119F}.Debug|Any CPU.ActiveCfg = Debug|Any CPU
		{9916839C-39FC-4CEB-A5AF-89CA7E87119F}.Debug|Any CPU.Build.0 = Debug|Any CPU
		{9916839C-39FC-4CEB-A5AF-89CA7E87119F}.Release|Any CPU.ActiveCfg = Release|Any CPU
		{9916839C-39FC-4CEB-A5AF-89CA7E87119F}.Release|Any CPU.Build.0 = Release|Any CPU
		{DA432B51-28D1-4D5E-9A3A-59127C809C5D}.Debug|Any CPU.ActiveCfg = Debug|Any CPU
		{DA432B51-28D1-4D5E-9A3A-59127C809C5D}.Debug|Any CPU.Build.0 = Debug|Any CPU
		{DA432B51-28D1-4D5E-9A3A-59127C809C5D}.Release|Any CPU.ActiveCfg = Release|Any CPU
		{DA432B51-28D1-4D5E-9A3A-59127C809C5D}.Release|Any CPU.Build.0 = Release|Any CPU
		{39AB568D-B7FD-40C3-A8DD-003E0BE92982}.Debug|Any CPU.ActiveCfg = Debug|Any CPU
		{39AB568D-B7FD-40C3-A8DD-003E0BE92982}.Debug|Any CPU.Build.0 = Debug|Any CPU
		{39AB568D-B7FD-40C3-A8DD-003E0BE92982}.Release|Any CPU.ActiveCfg = Release|Any CPU
		{39AB568D-B7FD-40C3-A8DD-003E0BE92982}.Release|Any CPU.Build.0 = Release|Any CPU
		{9A026174-8D66-4E74-8689-9F2EEF2B8CF1}.Debug|Any CPU.ActiveCfg = Debug|Any CPU
		{9A026174-8D66-4E74-8689-9F2EEF2B8CF1}.Debug|Any CPU.Build.0 = Debug|Any CPU
		{9A026174-8D66-4E74-8689-9F2EEF2B8CF1}.Release|Any CPU.ActiveCfg = Release|Any CPU
		{9A026174-8D66-4E74-8689-9F2EEF2B8CF1}.Release|Any CPU.Build.0 = Release|Any CPU
	EndGlobalSection
	GlobalSection(SolutionProperties) = preSolution
		HideSolutionNode = FALSE
	EndGlobalSection
	GlobalSection(NestedProjects) = preSolution
		{CB4A8CF6-7DD4-4493-B5CD-E5E51EE5C73B} = {765A6EB0-438E-422C-ACDD-13544EFE6467}
		{7249D1E5-ABEC-40BB-9238-5E54AB0E1E94} = {765A6EB0-438E-422C-ACDD-13544EFE6467}
		{2D1D92BB-4555-4CBE-8D0E-63563D6CE4C6} = {9E6F94FB-65DD-4AC1-AAB9-C2AAF5C9CC47}
		{3E852853-2D19-49BB-B6C9-39B01D6E9785} = {9E6F94FB-65DD-4AC1-AAB9-C2AAF5C9CC47}
		{02BE2213-F0E5-4107-BEA4-AE396525A644} = {51A02816-8D25-480F-9D28-EC7D05DC3F63}
		{5B56676E-75E4-4D10-9DB4-AC446BD597CE} = {701D5B71-9A6F-47A4-A3C2-3714AF8B4115}
		{ABC826D4-2FA1-4F2F-87DE-E6095F653810} = {701D5B71-9A6F-47A4-A3C2-3714AF8B4115}
		{9916839C-39FC-4CEB-A5AF-89CA7E87119F} = {9E6F94FB-65DD-4AC1-AAB9-C2AAF5C9CC47}
		{DA432B51-28D1-4D5E-9A3A-59127C809C5D} = {701D5B71-9A6F-47A4-A3C2-3714AF8B4115}
		{39AB568D-B7FD-40C3-A8DD-003E0BE92982} = {701D5B71-9A6F-47A4-A3C2-3714AF8B4115}
		{9A026174-8D66-4E74-8689-9F2EEF2B8CF1} = {701D5B71-9A6F-47A4-A3C2-3714AF8B4115}
	EndGlobalSection
EndGlobal
