
Microsoft Visual Studio Solution File, Format Version 12.00
# Visual Studio 2013
VisualStudioVersion = 12.0.31101.0
MinimumVisualStudioVersion = 10.0.40219.1
Project("{FAE04EC0-301F-11D3-BF4B-00C04F79EFBC}") = "Hast.Console", "Hast.Console\Hast.Console.csproj", "{2A58C055-84A1-4B42-9549-1B3EDA597F3D}"
EndProject
Project("{FAE04EC0-301F-11D3-BF4B-00C04F79EFBC}") = "Hast.Transformer", "Hast.Transformer\Hast.Transformer.csproj", "{55FFEC87-B87B-4BB6-B50D-26560C8F815A}"
EndProject
Project("{FAE04EC0-301F-11D3-BF4B-00C04F79EFBC}") = "Hast.Transformer.Tests", "Hast.Transformer.Tests\Hast.Transformer.Tests.csproj", "{C0384417-B553-4A53-8A51-CAAB8649794B}"
EndProject
Project("{FAE04EC0-301F-11D3-BF4B-00C04F79EFBC}") = "Hast.VhdlBuilder", "Hast.VhdlBuilder\Hast.VhdlBuilder.csproj", "{131E80D3-29BD-496C-BE31-45A329AE3E67}"
EndProject
Project("{2150E333-8FDC-42A3-9474-1A3956D46DE8}") = "Solution Items", "Solution Items", "{E8043A55-810D-4760-8390-D0C936EFBD5A}"
	ProjectSection(SolutionItems) = preProject
		Readme.md = Readme.md
	EndProjectSection
EndProject
Project("{2150E333-8FDC-42A3-9474-1A3956D46DE8}") = "Samples", "Samples", "{765A6EB0-438E-422C-ACDD-13544EFE6467}"
EndProject
Project("{FAE04EC0-301F-11D3-BF4B-00C04F79EFBC}") = "Hast.Samples.SampleAssembly", "Samples\Hast.Samples.SampleAssembly\Hast.Samples.SampleAssembly.csproj", "{CB4A8CF6-7DD4-4493-B5CD-E5E51EE5C73B}"
EndProject
Project("{FAE04EC0-301F-11D3-BF4B-00C04F79EFBC}") = "Hast.Samples.Consumer", "Samples\Hast.Samples.Consumer\Hast.Samples.Consumer.csproj", "{7249D1E5-ABEC-40BB-9238-5E54AB0E1E94}"
EndProject
Project("{FAE04EC0-301F-11D3-BF4B-00C04F79EFBC}") = "Hast.Layer", "Hast.Layer\Hast.Layer.csproj", "{0D77AFBA-1B4D-4083-B35C-3309251039B7}"
EndProject
Project("{2150E333-8FDC-42A3-9474-1A3956D46DE8}") = "Orchard", "Orchard", "{9E6F94FB-65DD-4AC1-AAB9-C2AAF5C9CC47}"
EndProject
Project("{FAE04EC0-301F-11D3-BF4B-00C04F79EFBC}") = "Orchard.Framework", "Orchard\src\Orchard\Orchard.Framework.csproj", "{2D1D92BB-4555-4CBE-8D0E-63563D6CE4C6}"
EndProject
Project("{FAE04EC0-301F-11D3-BF4B-00C04F79EFBC}") = "Lombiq.OrchardAppHost", "Lombiq.OrchardAppHost\Lombiq.OrchardAppHost.csproj", "{3E852853-2D19-49BB-B6C9-39B01D6E9785}"
EndProject
Project("{FAE04EC0-301F-11D3-BF4B-00C04F79EFBC}") = "Hast.Common", "Hast.Common\Hast.Common.csproj", "{6EE5898A-E450-4A1D-80AF-AD27A8BD5E69}"
EndProject
Global
	GlobalSection(SolutionConfigurationPlatforms) = preSolution
		Debug|Any CPU = Debug|Any CPU
		Release|Any CPU = Release|Any CPU
	EndGlobalSection
	GlobalSection(ProjectConfigurationPlatforms) = postSolution
		{2A58C055-84A1-4B42-9549-1B3EDA597F3D}.Debug|Any CPU.ActiveCfg = Debug|Any CPU
		{2A58C055-84A1-4B42-9549-1B3EDA597F3D}.Debug|Any CPU.Build.0 = Debug|Any CPU
		{2A58C055-84A1-4B42-9549-1B3EDA597F3D}.Release|Any CPU.ActiveCfg = Release|Any CPU
		{2A58C055-84A1-4B42-9549-1B3EDA597F3D}.Release|Any CPU.Build.0 = Release|Any CPU
		{55FFEC87-B87B-4BB6-B50D-26560C8F815A}.Debug|Any CPU.ActiveCfg = Debug|Any CPU
		{55FFEC87-B87B-4BB6-B50D-26560C8F815A}.Debug|Any CPU.Build.0 = Debug|Any CPU
		{55FFEC87-B87B-4BB6-B50D-26560C8F815A}.Release|Any CPU.ActiveCfg = Release|Any CPU
		{55FFEC87-B87B-4BB6-B50D-26560C8F815A}.Release|Any CPU.Build.0 = Release|Any CPU
		{C0384417-B553-4A53-8A51-CAAB8649794B}.Debug|Any CPU.ActiveCfg = Debug|Any CPU
		{C0384417-B553-4A53-8A51-CAAB8649794B}.Debug|Any CPU.Build.0 = Debug|Any CPU
		{C0384417-B553-4A53-8A51-CAAB8649794B}.Release|Any CPU.ActiveCfg = Release|Any CPU
		{C0384417-B553-4A53-8A51-CAAB8649794B}.Release|Any CPU.Build.0 = Release|Any CPU
		{131E80D3-29BD-496C-BE31-45A329AE3E67}.Debug|Any CPU.ActiveCfg = Debug|Any CPU
		{131E80D3-29BD-496C-BE31-45A329AE3E67}.Debug|Any CPU.Build.0 = Debug|Any CPU
		{131E80D3-29BD-496C-BE31-45A329AE3E67}.Release|Any CPU.ActiveCfg = Release|Any CPU
		{131E80D3-29BD-496C-BE31-45A329AE3E67}.Release|Any CPU.Build.0 = Release|Any CPU
		{CB4A8CF6-7DD4-4493-B5CD-E5E51EE5C73B}.Debug|Any CPU.ActiveCfg = Debug|Any CPU
		{CB4A8CF6-7DD4-4493-B5CD-E5E51EE5C73B}.Debug|Any CPU.Build.0 = Debug|Any CPU
		{CB4A8CF6-7DD4-4493-B5CD-E5E51EE5C73B}.Release|Any CPU.ActiveCfg = Release|Any CPU
		{CB4A8CF6-7DD4-4493-B5CD-E5E51EE5C73B}.Release|Any CPU.Build.0 = Release|Any CPU
		{7249D1E5-ABEC-40BB-9238-5E54AB0E1E94}.Debug|Any CPU.ActiveCfg = Debug|Any CPU
		{7249D1E5-ABEC-40BB-9238-5E54AB0E1E94}.Debug|Any CPU.Build.0 = Debug|Any CPU
		{7249D1E5-ABEC-40BB-9238-5E54AB0E1E94}.Release|Any CPU.ActiveCfg = Release|Any CPU
		{7249D1E5-ABEC-40BB-9238-5E54AB0E1E94}.Release|Any CPU.Build.0 = Release|Any CPU
		{0D77AFBA-1B4D-4083-B35C-3309251039B7}.Debug|Any CPU.ActiveCfg = Debug|Any CPU
		{0D77AFBA-1B4D-4083-B35C-3309251039B7}.Debug|Any CPU.Build.0 = Debug|Any CPU
		{0D77AFBA-1B4D-4083-B35C-3309251039B7}.Release|Any CPU.ActiveCfg = Release|Any CPU
		{0D77AFBA-1B4D-4083-B35C-3309251039B7}.Release|Any CPU.Build.0 = Release|Any CPU
		{2D1D92BB-4555-4CBE-8D0E-63563D6CE4C6}.Debug|Any CPU.ActiveCfg = Debug|Any CPU
		{2D1D92BB-4555-4CBE-8D0E-63563D6CE4C6}.Debug|Any CPU.Build.0 = Debug|Any CPU
		{2D1D92BB-4555-4CBE-8D0E-63563D6CE4C6}.Release|Any CPU.ActiveCfg = Release|Any CPU
		{2D1D92BB-4555-4CBE-8D0E-63563D6CE4C6}.Release|Any CPU.Build.0 = Release|Any CPU
		{3E852853-2D19-49BB-B6C9-39B01D6E9785}.Debug|Any CPU.ActiveCfg = Debug|Any CPU
		{3E852853-2D19-49BB-B6C9-39B01D6E9785}.Debug|Any CPU.Build.0 = Debug|Any CPU
		{3E852853-2D19-49BB-B6C9-39B01D6E9785}.Release|Any CPU.ActiveCfg = Release|Any CPU
		{3E852853-2D19-49BB-B6C9-39B01D6E9785}.Release|Any CPU.Build.0 = Release|Any CPU
		{6EE5898A-E450-4A1D-80AF-AD27A8BD5E69}.Debug|Any CPU.ActiveCfg = Debug|Any CPU
		{6EE5898A-E450-4A1D-80AF-AD27A8BD5E69}.Debug|Any CPU.Build.0 = Debug|Any CPU
		{6EE5898A-E450-4A1D-80AF-AD27A8BD5E69}.Release|Any CPU.ActiveCfg = Release|Any CPU
		{6EE5898A-E450-4A1D-80AF-AD27A8BD5E69}.Release|Any CPU.Build.0 = Release|Any CPU
	EndGlobalSection
	GlobalSection(SolutionProperties) = preSolution
		HideSolutionNode = FALSE
	EndGlobalSection
	GlobalSection(NestedProjects) = preSolution
		{CB4A8CF6-7DD4-4493-B5CD-E5E51EE5C73B} = {765A6EB0-438E-422C-ACDD-13544EFE6467}
		{7249D1E5-ABEC-40BB-9238-5E54AB0E1E94} = {765A6EB0-438E-422C-ACDD-13544EFE6467}
		{2D1D92BB-4555-4CBE-8D0E-63563D6CE4C6} = {9E6F94FB-65DD-4AC1-AAB9-C2AAF5C9CC47}
	EndGlobalSection
EndGlobal
