
Microsoft Visual Studio Solution File, Format Version 12.00
# Visual Studio 2013
VisualStudioVersion = 12.0.31101.0
MinimumVisualStudioVersion = 10.0.40219.1
Project("{FAE04EC0-301F-11D3-BF4B-00C04F79EFBC}") = "Hast.Console", "Hast.Console\Hast.Console.csproj", "{2A58C055-84A1-4B42-9549-1B3EDA597F3D}"
EndProject
Project("{FAE04EC0-301F-11D3-BF4B-00C04F79EFBC}") = "Hast.Transformer", "Hast.Transformer\Hast.Transformer.csproj", "{55FFEC87-B87B-4BB6-B50D-26560C8F815A}"
EndProject
Project("{FAE04EC0-301F-11D3-BF4B-00C04F79EFBC}") = "Hast.Transformer.Tests", "Hast.Transformer.Tests\Hast.Transformer.Tests.csproj", "{C0384417-B553-4A53-8A51-CAAB8649794B}"
EndProject
Project("{FAE04EC0-301F-11D3-BF4B-00C04F79EFBC}") = "Hast.VhdlBuilder", "Hast.VhdlBuilder\Hast.VhdlBuilder.csproj", "{131E80D3-29BD-496C-BE31-45A329AE3E67}"
EndProject
Global
	GlobalSection(SolutionConfigurationPlatforms) = preSolution
		Debug|Any CPU = Debug|Any CPU
		Release|Any CPU = Release|Any CPU
	EndGlobalSection
	GlobalSection(ProjectConfigurationPlatforms) = postSolution
		{2A58C055-84A1-4B42-9549-1B3EDA597F3D}.Debug|Any CPU.ActiveCfg = Debug|Any CPU
		{2A58C055-84A1-4B42-9549-1B3EDA597F3D}.Debug|Any CPU.Build.0 = Debug|Any CPU
		{2A58C055-84A1-4B42-9549-1B3EDA597F3D}.Release|Any CPU.ActiveCfg = Release|Any CPU
		{2A58C055-84A1-4B42-9549-1B3EDA597F3D}.Release|Any CPU.Build.0 = Release|Any CPU
		{55FFEC87-B87B-4BB6-B50D-26560C8F815A}.Debug|Any CPU.ActiveCfg = Debug|Any CPU
		{55FFEC87-B87B-4BB6-B50D-26560C8F815A}.Debug|Any CPU.Build.0 = Debug|Any CPU
		{55FFEC87-B87B-4BB6-B50D-26560C8F815A}.Release|Any CPU.ActiveCfg = Release|Any CPU
		{55FFEC87-B87B-4BB6-B50D-26560C8F815A}.Release|Any CPU.Build.0 = Release|Any CPU
		{C0384417-B553-4A53-8A51-CAAB8649794B}.Debug|Any CPU.ActiveCfg = Debug|Any CPU
		{C0384417-B553-4A53-8A51-CAAB8649794B}.Debug|Any CPU.Build.0 = Debug|Any CPU
		{C0384417-B553-4A53-8A51-CAAB8649794B}.Release|Any CPU.ActiveCfg = Release|Any CPU
		{C0384417-B553-4A53-8A51-CAAB8649794B}.Release|Any CPU.Build.0 = Release|Any CPU
		{131E80D3-29BD-496C-BE31-45A329AE3E67}.Debug|Any CPU.ActiveCfg = Debug|Any CPU
		{131E80D3-29BD-496C-BE31-45A329AE3E67}.Debug|Any CPU.Build.0 = Debug|Any CPU
		{131E80D3-29BD-496C-BE31-45A329AE3E67}.Release|Any CPU.ActiveCfg = Release|Any CPU
		{131E80D3-29BD-496C-BE31-45A329AE3E67}.Release|Any CPU.Build.0 = Release|Any CPU
	EndGlobalSection
	GlobalSection(SolutionProperties) = preSolution
		HideSolutionNode = FALSE
	EndGlobalSection
EndGlobal
